
Microsoft Visual Studio Solution File, Format Version 12.00
# Visual Studio Version 16
VisualStudioVersion = 16.0.31424.327
MinimumVisualStudioVersion = 10.0.40219.1
Project("{888888A0-9F3D-457C-B088-3A5042F75D52}") = "masodik", "masodik.pyproj", "{8FE17F19-0BC9-462B-9B1F-B1AA4EA0DCC0}"
EndProject
Global
	GlobalSection(SolutionConfigurationPlatforms) = preSolution
		Debug|Any CPU = Debug|Any CPU
		Release|Any CPU = Release|Any CPU
	EndGlobalSection
	GlobalSection(ProjectConfigurationPlatforms) = postSolution
		{8FE17F19-0BC9-462B-9B1F-B1AA4EA0DCC0}.Debug|Any CPU.ActiveCfg = Debug|Any CPU
		{8FE17F19-0BC9-462B-9B1F-B1AA4EA0DCC0}.Release|Any CPU.ActiveCfg = Release|Any CPU
	EndGlobalSection
	GlobalSection(SolutionProperties) = preSolution
		HideSolutionNode = FALSE
	EndGlobalSection
	GlobalSection(ExtensibilityGlobals) = postSolution
		SolutionGuid = {0CA3D047-8C91-4496-96BA-208B28899523}
	EndGlobalSection
EndGlobal
