
Microsoft Visual Studio Solution File, Format Version 12.00
# Visual Studio Version 16
VisualStudioVersion = 16.0.31424.327
MinimumVisualStudioVersion = 10.0.40219.1
Project("{888888A0-9F3D-457C-B088-3A5042F75D52}") = "má nem tom", "má nem tom\má nem tom.pyproj", "{0087FFF5-DBBA-4F63-B9C7-35C70EC0ABA6}"
EndProject
Global
	GlobalSection(SolutionConfigurationPlatforms) = preSolution
		Debug|Any CPU = Debug|Any CPU
		Release|Any CPU = Release|Any CPU
	EndGlobalSection
	GlobalSection(ProjectConfigurationPlatforms) = postSolution
		{0087FFF5-DBBA-4F63-B9C7-35C70EC0ABA6}.Debug|Any CPU.ActiveCfg = Debug|Any CPU
		{0087FFF5-DBBA-4F63-B9C7-35C70EC0ABA6}.Release|Any CPU.ActiveCfg = Release|Any CPU
	EndGlobalSection
	GlobalSection(SolutionProperties) = preSolution
		HideSolutionNode = FALSE
	EndGlobalSection
	GlobalSection(ExtensibilityGlobals) = postSolution
		SolutionGuid = {13F6A7FC-EF35-4E98-AAB1-B829C428FBCB}
	EndGlobalSection
EndGlobal
